// !$*UTF8*$!
{
	archiveVersion = 1;
	classes = {
	};
	objectVersion = 46;
	objects = {

/* Begin PBXBuildFile section */
		CF0ACE581821A16000822553 /* Foundation.framework in Frameworks */ = {isa = PBXBuildFile; fileRef = CF0ACE571821A16000822553 /* Foundation.framework */; };
		CF0ACE5A1821A16000822553 /* CoreGraphics.framework in Frameworks */ = {isa = PBXBuildFile; fileRef = CF0ACE591821A16000822553 /* CoreGraphics.framework */; settings = {ATTRIBUTES = (Required, ); }; };
		CF0ACE5C1821A16000822553 /* UIKit.framework in Frameworks */ = {isa = PBXBuildFile; fileRef = CF0ACE5B1821A16000822553 /* UIKit.framework */; };
		CF0ACE621821A16000822553 /* InfoPlist.strings in Resources */ = {isa = PBXBuildFile; fileRef = CF0ACE601821A16000822553 /* InfoPlist.strings */; };
		CF0ACE641821A16000822553 /* main.m in Sources */ = {isa = PBXBuildFile; fileRef = CF0ACE631821A16000822553 /* main.m */; };
		CF0ACE681821A16000822553 /* AppDelegate.m in Sources */ = {isa = PBXBuildFile; fileRef = CF0ACE671821A16000822553 /* AppDelegate.m */; };
		CF0ACE6B1821A16000822553 /* Main.storyboard in Resources */ = {isa = PBXBuildFile; fileRef = CF0ACE691821A16000822553 /* Main.storyboard */; };
		CF0ACE6E1821A16000822553 /* ViewController.m in Sources */ = {isa = PBXBuildFile; fileRef = CF0ACE6D1821A16000822553 /* ViewController.m */; };
		CF0ACE701821A16000822553 /* Images.xcassets in Resources */ = {isa = PBXBuildFile; fileRef = CF0ACE6F1821A16000822553 /* Images.xcassets */; };
		CF0ACE771821A16000822553 /* XCTest.framework in Frameworks */ = {isa = PBXBuildFile; fileRef = CF0ACE761821A16000822553 /* XCTest.framework */; };
		CF0ACE781821A16000822553 /* Foundation.framework in Frameworks */ = {isa = PBXBuildFile; fileRef = CF0ACE571821A16000822553 /* Foundation.framework */; };
		CF0ACE791821A16000822553 /* UIKit.framework in Frameworks */ = {isa = PBXBuildFile; fileRef = CF0ACE5B1821A16000822553 /* UIKit.framework */; };
		CF0ACE811821A16000822553 /* InfoPlist.strings in Resources */ = {isa = PBXBuildFile; fileRef = CF0ACE7F1821A16000822553 /* InfoPlist.strings */; };
		CF0ACE831821A16000822553 /* TapCounterTests.m in Sources */ = {isa = PBXBuildFile; fileRef = CF0ACE821821A16000822553 /* TapCounterTests.m */; };
		CF712FC9182579EF00606946 /* libFlurry_4.3.0.a in Frameworks */ = {isa = PBXBuildFile; fileRef = CF712FC8182579EF00606946 /* libFlurry_4.3.0.a */; };
		CF712FCB18257A6000606946 /* SystemConfiguration.framework in Frameworks */ = {isa = PBXBuildFile; fileRef = CF712FCA18257A6000606946 /* SystemConfiguration.framework */; };
		CF712FCD18257A6C00606946 /* Security.framework in Frameworks */ = {isa = PBXBuildFile; fileRef = CF712FCC18257A6C00606946 /* Security.framework */; };
		CF712FCF18257A7000606946 /* AdSupport.framework in Frameworks */ = {isa = PBXBuildFile; fileRef = CF712FCE18257A7000606946 /* AdSupport.framework */; };
/* End PBXBuildFile section */

/* Begin PBXContainerItemProxy section */
		CF0ACE7A1821A16000822553 /* PBXContainerItemProxy */ = {
			isa = PBXContainerItemProxy;
			containerPortal = CF0ACE4C1821A16000822553 /* Project object */;
			proxyType = 1;
			remoteGlobalIDString = CF0ACE531821A16000822553;
			remoteInfo = TapCounter;
		};
/* End PBXContainerItemProxy section */

/* Begin PBXFileReference section */
		CF0ACE541821A16000822553 /* TapCounter.app */ = {isa = PBXFileReference; explicitFileType = wrapper.application; includeInIndex = 0; path = TapCounter.app; sourceTree = BUILT_PRODUCTS_DIR; };
		CF0ACE571821A16000822553 /* Foundation.framework */ = {isa = PBXFileReference; lastKnownFileType = wrapper.framework; name = Foundation.framework; path = System/Library/Frameworks/Foundation.framework; sourceTree = SDKROOT; };
		CF0ACE591821A16000822553 /* CoreGraphics.framework */ = {isa = PBXFileReference; lastKnownFileType = wrapper.framework; name = CoreGraphics.framework; path = System/Library/Frameworks/CoreGraphics.framework; sourceTree = SDKROOT; };
		CF0ACE5B1821A16000822553 /* UIKit.framework */ = {isa = PBXFileReference; lastKnownFileType = wrapper.framework; name = UIKit.framework; path = System/Library/Frameworks/UIKit.framework; sourceTree = SDKROOT; };
		CF0ACE5F1821A16000822553 /* TapCounter-Info.plist */ = {isa = PBXFileReference; lastKnownFileType = text.plist.xml; path = "TapCounter-Info.plist"; sourceTree = "<group>"; };
		CF0ACE611821A16000822553 /* en */ = {isa = PBXFileReference; lastKnownFileType = text.plist.strings; name = en; path = en.lproj/InfoPlist.strings; sourceTree = "<group>"; };
		CF0ACE631821A16000822553 /* main.m */ = {isa = PBXFileReference; lastKnownFileType = sourcecode.c.objc; path = main.m; sourceTree = "<group>"; };
		CF0ACE651821A16000822553 /* TapCounter-Prefix.pch */ = {isa = PBXFileReference; lastKnownFileType = sourcecode.c.h; path = "TapCounter-Prefix.pch"; sourceTree = "<group>"; };
		CF0ACE661821A16000822553 /* AppDelegate.h */ = {isa = PBXFileReference; lastKnownFileType = sourcecode.c.h; path = AppDelegate.h; sourceTree = "<group>"; };
		CF0ACE671821A16000822553 /* AppDelegate.m */ = {isa = PBXFileReference; lastKnownFileType = sourcecode.c.objc; path = AppDelegate.m; sourceTree = "<group>"; };
		CF0ACE6A1821A16000822553 /* Base */ = {isa = PBXFileReference; lastKnownFileType = file.storyboard; name = Base; path = Base.lproj/Main.storyboard; sourceTree = "<group>"; };
		CF0ACE6C1821A16000822553 /* ViewController.h */ = {isa = PBXFileReference; lastKnownFileType = sourcecode.c.h; path = ViewController.h; sourceTree = "<group>"; };
		CF0ACE6D1821A16000822553 /* ViewController.m */ = {isa = PBXFileReference; lastKnownFileType = sourcecode.c.objc; path = ViewController.m; sourceTree = "<group>"; };
		CF0ACE6F1821A16000822553 /* Images.xcassets */ = {isa = PBXFileReference; lastKnownFileType = folder.assetcatalog; path = Images.xcassets; sourceTree = "<group>"; };
		CF0ACE751821A16000822553 /* TapCounterTests.xctest */ = {isa = PBXFileReference; explicitFileType = wrapper.cfbundle; includeInIndex = 0; path = TapCounterTests.xctest; sourceTree = BUILT_PRODUCTS_DIR; };
		CF0ACE761821A16000822553 /* XCTest.framework */ = {isa = PBXFileReference; lastKnownFileType = wrapper.framework; name = XCTest.framework; path = Library/Frameworks/XCTest.framework; sourceTree = DEVELOPER_DIR; };
		CF0ACE7E1821A16000822553 /* TapCounterTests-Info.plist */ = {isa = PBXFileReference; lastKnownFileType = text.plist.xml; path = "TapCounterTests-Info.plist"; sourceTree = "<group>"; };
		CF0ACE801821A16000822553 /* en */ = {isa = PBXFileReference; lastKnownFileType = text.plist.strings; name = en; path = en.lproj/InfoPlist.strings; sourceTree = "<group>"; };
		CF0ACE821821A16000822553 /* TapCounterTests.m */ = {isa = PBXFileReference; lastKnownFileType = sourcecode.c.objc; path = TapCounterTests.m; sourceTree = "<group>"; };
		CF712FC7182579EF00606946 /* Flurry.h */ = {isa = PBXFileReference; fileEncoding = 4; lastKnownFileType = sourcecode.c.h; path = Flurry.h; sourceTree = "<group>"; };
		CF712FC8182579EF00606946 /* libFlurry_4.3.0.a */ = {isa = PBXFileReference; lastKnownFileType = archive.ar; path = libFlurry_4.3.0.a; sourceTree = "<group>"; };
		CF712FCA18257A6000606946 /* SystemConfiguration.framework */ = {isa = PBXFileReference; lastKnownFileType = wrapper.framework; name = SystemConfiguration.framework; path = System/Library/Frameworks/SystemConfiguration.framework; sourceTree = SDKROOT; };
		CF712FCC18257A6C00606946 /* Security.framework */ = {isa = PBXFileReference; lastKnownFileType = wrapper.framework; name = Security.framework; path = System/Library/Frameworks/Security.framework; sourceTree = SDKROOT; };
		CF712FCE18257A7000606946 /* AdSupport.framework */ = {isa = PBXFileReference; lastKnownFileType = wrapper.framework; name = AdSupport.framework; path = System/Library/Frameworks/AdSupport.framework; sourceTree = SDKROOT; };
/* End PBXFileReference section */

/* Begin PBXFrameworksBuildPhase section */
		CF0ACE511821A16000822553 /* Frameworks */ = {
			isa = PBXFrameworksBuildPhase;
			buildActionMask = 2147483647;
			files = (
				CF712FCF18257A7000606946 /* AdSupport.framework in Frameworks */,
				CF712FCD18257A6C00606946 /* Security.framework in Frameworks */,
				CF712FCB18257A6000606946 /* SystemConfiguration.framework in Frameworks */,
				CF0ACE5A1821A16000822553 /* CoreGraphics.framework in Frameworks */,
				CF712FC9182579EF00606946 /* libFlurry_4.3.0.a in Frameworks */,
				CF0ACE5C1821A16000822553 /* UIKit.framework in Frameworks */,
				CF0ACE581821A16000822553 /* Foundation.framework in Frameworks */,
			);
			runOnlyForDeploymentPostprocessing = 0;
		};
		CF0ACE721821A16000822553 /* Frameworks */ = {
			isa = PBXFrameworksBuildPhase;
			buildActionMask = 2147483647;
			files = (
				CF0ACE771821A16000822553 /* XCTest.framework in Frameworks */,
				CF0ACE791821A16000822553 /* UIKit.framework in Frameworks */,
				CF0ACE781821A16000822553 /* Foundation.framework in Frameworks */,
			);
			runOnlyForDeploymentPostprocessing = 0;
		};
/* End PBXFrameworksBuildPhase section */

/* Begin PBXGroup section */
		CF0ACE4B1821A16000822553 = {
			isa = PBXGroup;
			children = (
				CF0ACE5D1821A16000822553 /* TapCounter */,
				CF0ACE7C1821A16000822553 /* TapCounterTests */,
				CF0ACE561821A16000822553 /* Frameworks */,
				CF0ACE551821A16000822553 /* Products */,
			);
			sourceTree = "<group>";
		};
		CF0ACE551821A16000822553 /* Products */ = {
			isa = PBXGroup;
			children = (
				CF0ACE541821A16000822553 /* TapCounter.app */,
				CF0ACE751821A16000822553 /* TapCounterTests.xctest */,
			);
			name = Products;
			sourceTree = "<group>";
		};
		CF0ACE561821A16000822553 /* Frameworks */ = {
			isa = PBXGroup;
			children = (
				CF712FCE18257A7000606946 /* AdSupport.framework */,
				CF712FCC18257A6C00606946 /* Security.framework */,
				CF712FCA18257A6000606946 /* SystemConfiguration.framework */,
				CF0ACE571821A16000822553 /* Foundation.framework */,
				CF0ACE591821A16000822553 /* CoreGraphics.framework */,
				CF0ACE5B1821A16000822553 /* UIKit.framework */,
				CF0ACE761821A16000822553 /* XCTest.framework */,
			);
			name = Frameworks;
			sourceTree = "<group>";
		};
		CF0ACE5D1821A16000822553 /* TapCounter */ = {
			isa = PBXGroup;
			children = (
				CF0ACE661821A16000822553 /* AppDelegate.h */,
				CF0ACE671821A16000822553 /* AppDelegate.m */,
				CF0ACE691821A16000822553 /* Main.storyboard */,
				CF0ACE6C1821A16000822553 /* ViewController.h */,
				CF0ACE6D1821A16000822553 /* ViewController.m */,
				CF0ACE6F1821A16000822553 /* Images.xcassets */,
				CF712FC6182579DC00606946 /* Flurry */,
				CF0ACE5E1821A16000822553 /* Supporting Files */,
			);
			path = TapCounter;
			sourceTree = "<group>";
		};
		CF0ACE5E1821A16000822553 /* Supporting Files */ = {
			isa = PBXGroup;
			children = (
				CF0ACE5F1821A16000822553 /* TapCounter-Info.plist */,
				CF0ACE601821A16000822553 /* InfoPlist.strings */,
				CF0ACE631821A16000822553 /* main.m */,
				CF0ACE651821A16000822553 /* TapCounter-Prefix.pch */,
			);
			name = "Supporting Files";
			sourceTree = "<group>";
		};
		CF0ACE7C1821A16000822553 /* TapCounterTests */ = {
			isa = PBXGroup;
			children = (
				CF0ACE821821A16000822553 /* TapCounterTests.m */,
				CF0ACE7D1821A16000822553 /* Supporting Files */,
			);
			path = TapCounterTests;
			sourceTree = "<group>";
		};
		CF0ACE7D1821A16000822553 /* Supporting Files */ = {
			isa = PBXGroup;
			children = (
				CF0ACE7E1821A16000822553 /* TapCounterTests-Info.plist */,
				CF0ACE7F1821A16000822553 /* InfoPlist.strings */,
			);
			name = "Supporting Files";
			sourceTree = "<group>";
		};
		CF712FC6182579DC00606946 /* Flurry */ = {
			isa = PBXGroup;
			children = (
				CF712FC7182579EF00606946 /* Flurry.h */,
				CF712FC8182579EF00606946 /* libFlurry_4.3.0.a */,
			);
			name = Flurry;
			sourceTree = "<group>";
		};
/* End PBXGroup section */

/* Begin PBXNativeTarget section */
		CF0ACE531821A16000822553 /* TapCounter */ = {
			isa = PBXNativeTarget;
			buildConfigurationList = CF0ACE861821A16000822553 /* Build configuration list for PBXNativeTarget "TapCounter" */;
			buildPhases = (
				CF0ACE501821A16000822553 /* Sources */,
				CF0ACE511821A16000822553 /* Frameworks */,
				CF0ACE521821A16000822553 /* Resources */,
			);
			buildRules = (
			);
			dependencies = (
			);
			name = TapCounter;
			productName = TapCounter;
			productReference = CF0ACE541821A16000822553 /* TapCounter.app */;
			productType = "com.apple.product-type.application";
		};
		CF0ACE741821A16000822553 /* TapCounterTests */ = {
			isa = PBXNativeTarget;
			buildConfigurationList = CF0ACE891821A16000822553 /* Build configuration list for PBXNativeTarget "TapCounterTests" */;
			buildPhases = (
				CF0ACE711821A16000822553 /* Sources */,
				CF0ACE721821A16000822553 /* Frameworks */,
				CF0ACE731821A16000822553 /* Resources */,
			);
			buildRules = (
			);
			dependencies = (
				CF0ACE7B1821A16000822553 /* PBXTargetDependency */,
			);
			name = TapCounterTests;
			productName = TapCounterTests;
			productReference = CF0ACE751821A16000822553 /* TapCounterTests.xctest */;
			productType = "com.apple.product-type.bundle.unit-test";
		};
/* End PBXNativeTarget section */

/* Begin PBXProject section */
		CF0ACE4C1821A16000822553 /* Project object */ = {
			isa = PBXProject;
			attributes = {
				LastUpgradeCheck = 0500;
				ORGANIZATIONNAME = "Teak Mobile Inc";
				TargetAttributes = {
					CF0ACE741821A16000822553 = {
						TestTargetID = CF0ACE531821A16000822553;
					};
				};
			};
			buildConfigurationList = CF0ACE4F1821A16000822553 /* Build configuration list for PBXProject "TapCounter" */;
			compatibilityVersion = "Xcode 3.2";
			developmentRegion = English;
			hasScannedForEncodings = 0;
			knownRegions = (
				en,
				Base,
			);
			mainGroup = CF0ACE4B1821A16000822553;
			productRefGroup = CF0ACE551821A16000822553 /* Products */;
			projectDirPath = "";
			projectRoot = "";
			targets = (
				CF0ACE531821A16000822553 /* TapCounter */,
				CF0ACE741821A16000822553 /* TapCounterTests */,
			);
		};
/* End PBXProject section */

/* Begin PBXResourcesBuildPhase section */
		CF0ACE521821A16000822553 /* Resources */ = {
			isa = PBXResourcesBuildPhase;
			buildActionMask = 2147483647;
			files = (
				CF0ACE701821A16000822553 /* Images.xcassets in Resources */,
				CF0ACE621821A16000822553 /* InfoPlist.strings in Resources */,
				CF0ACE6B1821A16000822553 /* Main.storyboard in Resources */,
			);
			runOnlyForDeploymentPostprocessing = 0;
		};
		CF0ACE731821A16000822553 /* Resources */ = {
			isa = PBXResourcesBuildPhase;
			buildActionMask = 2147483647;
			files = (
				CF0ACE811821A16000822553 /* InfoPlist.strings in Resources */,
			);
			runOnlyForDeploymentPostprocessing = 0;
		};
/* End PBXResourcesBuildPhase section */

/* Begin PBXSourcesBuildPhase section */
		CF0ACE501821A16000822553 /* Sources */ = {
			isa = PBXSourcesBuildPhase;
			buildActionMask = 2147483647;
			files = (
				CF0ACE6E1821A16000822553 /* ViewController.m in Sources */,
				CF0ACE681821A16000822553 /* AppDelegate.m in Sources */,
				CF0ACE641821A16000822553 /* main.m in Sources */,
			);
			runOnlyForDeploymentPostprocessing = 0;
		};
		CF0ACE711821A16000822553 /* Sources */ = {
			isa = PBXSourcesBuildPhase;
			buildActionMask = 2147483647;
			files = (
				CF0ACE831821A16000822553 /* TapCounterTests.m in Sources */,
			);
			runOnlyForDeploymentPostprocessing = 0;
		};
/* End PBXSourcesBuildPhase section */

/* Begin PBXTargetDependency section */
		CF0ACE7B1821A16000822553 /* PBXTargetDependency */ = {
			isa = PBXTargetDependency;
			target = CF0ACE531821A16000822553 /* TapCounter */;
			targetProxy = CF0ACE7A1821A16000822553 /* PBXContainerItemProxy */;
		};
/* End PBXTargetDependency section */

/* Begin PBXVariantGroup section */
		CF0ACE601821A16000822553 /* InfoPlist.strings */ = {
			isa = PBXVariantGroup;
			children = (
				CF0ACE611821A16000822553 /* en */,
			);
			name = InfoPlist.strings;
			sourceTree = "<group>";
		};
		CF0ACE691821A16000822553 /* Main.storyboard */ = {
			isa = PBXVariantGroup;
			children = (
				CF0ACE6A1821A16000822553 /* Base */,
			);
			name = Main.storyboard;
			sourceTree = "<group>";
		};
		CF0ACE7F1821A16000822553 /* InfoPlist.strings */ = {
			isa = PBXVariantGroup;
			children = (
				CF0ACE801821A16000822553 /* en */,
			);
			name = InfoPlist.strings;
			sourceTree = "<group>";
		};
/* End PBXVariantGroup section */

/* Begin XCBuildConfiguration section */
		CF0ACE841821A16000822553 /* Debug */ = {
			isa = XCBuildConfiguration;
			buildSettings = {
				ALWAYS_SEARCH_USER_PATHS = NO;
				ARCHS = "$(ARCHS_STANDARD_INCLUDING_64_BIT)";
				CLANG_CXX_LANGUAGE_STANDARD = "gnu++0x";
				CLANG_CXX_LIBRARY = "libc++";
				CLANG_ENABLE_MODULES = YES;
				CLANG_ENABLE_OBJC_ARC = YES;
				CLANG_WARN_BOOL_CONVERSION = YES;
				CLANG_WARN_CONSTANT_CONVERSION = YES;
				CLANG_WARN_DIRECT_OBJC_ISA_USAGE = YES_ERROR;
				CLANG_WARN_EMPTY_BODY = YES;
				CLANG_WARN_ENUM_CONVERSION = YES;
				CLANG_WARN_INT_CONVERSION = YES;
				CLANG_WARN_OBJC_ROOT_CLASS = YES_ERROR;
				CLANG_WARN__DUPLICATE_METHOD_MATCH = YES;
				"CODE_SIGN_IDENTITY[sdk=iphoneos*]" = "iPhone Developer";
				COPY_PHASE_STRIP = NO;
				GCC_C_LANGUAGE_STANDARD = gnu99;
				GCC_DYNAMIC_NO_PIC = NO;
				GCC_OPTIMIZATION_LEVEL = 0;
				GCC_PREPROCESSOR_DEFINITIONS = (
					"DEBUG=1",
					"$(inherited)",
				);
				GCC_SYMBOLS_PRIVATE_EXTERN = NO;
				GCC_WARN_64_TO_32_BIT_CONVERSION = YES;
				GCC_WARN_ABOUT_RETURN_TYPE = YES_ERROR;
				GCC_WARN_UNDECLARED_SELECTOR = YES;
				GCC_WARN_UNINITIALIZED_AUTOS = YES;
				GCC_WARN_UNUSED_FUNCTION = YES;
				GCC_WARN_UNUSED_VARIABLE = YES;
				IPHONEOS_DEPLOYMENT_TARGET = 7.0;
				ONLY_ACTIVE_ARCH = YES;
				SDKROOT = iphoneos;
			};
			name = Debug;
		};
		CF0ACE851821A16000822553 /* Release */ = {
			isa = XCBuildConfiguration;
			buildSettings = {
				ALWAYS_SEARCH_USER_PATHS = NO;
				ARCHS = "$(ARCHS_STANDARD_INCLUDING_64_BIT)";
				CLANG_CXX_LANGUAGE_STANDARD = "gnu++0x";
				CLANG_CXX_LIBRARY = "libc++";
				CLANG_ENABLE_MODULES = YES;
				CLANG_ENABLE_OBJC_ARC = YES;
				CLANG_WARN_BOOL_CONVERSION = YES;
				CLANG_WARN_CONSTANT_CONVERSION = YES;
				CLANG_WARN_DIRECT_OBJC_ISA_USAGE = YES_ERROR;
				CLANG_WARN_EMPTY_BODY = YES;
				CLANG_WARN_ENUM_CONVERSION = YES;
				CLANG_WARN_INT_CONVERSION = YES;
				CLANG_WARN_OBJC_ROOT_CLASS = YES_ERROR;
				CLANG_WARN__DUPLICATE_METHOD_MATCH = YES;
				"CODE_SIGN_IDENTITY[sdk=iphoneos*]" = "iPhone Developer";
				COPY_PHASE_STRIP = YES;
				ENABLE_NS_ASSERTIONS = NO;
				GCC_C_LANGUAGE_STANDARD = gnu99;
				GCC_WARN_64_TO_32_BIT_CONVERSION = YES;
				GCC_WARN_ABOUT_RETURN_TYPE = YES_ERROR;
				GCC_WARN_UNDECLARED_SELECTOR = YES;
				GCC_WARN_UNINITIALIZED_AUTOS = YES;
				GCC_WARN_UNUSED_FUNCTION = YES;
				GCC_WARN_UNUSED_VARIABLE = YES;
				IPHONEOS_DEPLOYMENT_TARGET = 7.0;
				SDKROOT = iphoneos;
				VALIDATE_PRODUCT = YES;
			};
			name = Release;
		};
		CF0ACE871821A16000822553 /* Debug */ = {
			isa = XCBuildConfiguration;
			buildSettings = {
				ASSETCATALOG_COMPILER_APPICON_NAME = AppIcon;
				ASSETCATALOG_COMPILER_LAUNCHIMAGE_NAME = LaunchImage;
				GCC_PRECOMPILE_PREFIX_HEADER = YES;
				GCC_PREFIX_HEADER = "TapCounter/TapCounter-Prefix.pch";
				INFOPLIST_FILE = "TapCounter/TapCounter-Info.plist";
				LIBRARY_SEARCH_PATHS = (
					"$(inherited)",
					"/Users/christina/sandbox/ios\\ training/kwiostraining/exercise\\ 1/TapCounter/TapCounter",
				);
				PRODUCT_NAME = "$(TARGET_NAME)";
				WRAPPER_EXTENSION = app;
			};
			name = Debug;
		};
		CF0ACE881821A16000822553 /* Release */ = {
			isa = XCBuildConfiguration;
			buildSettings = {
				ASSETCATALOG_COMPILER_APPICON_NAME = AppIcon;
				ASSETCATALOG_COMPILER_LAUNCHIMAGE_NAME = LaunchImage;
				GCC_PRECOMPILE_PREFIX_HEADER = YES;
				GCC_PREFIX_HEADER = "TapCounter/TapCounter-Prefix.pch";
				INFOPLIST_FILE = "TapCounter/TapCounter-Info.plist";
				LIBRARY_SEARCH_PATHS = (
					"$(inherited)",
					"/Users/christina/sandbox/ios\\ training/kwiostraining/exercise\\ 1/TapCounter/TapCounter",
				);
				PRODUCT_NAME = "$(TARGET_NAME)";
				WRAPPER_EXTENSION = app;
			};
			name = Release;
		};
		CF0ACE8A1821A16000822553 /* Debug */ = {
			isa = XCBuildConfiguration;
			buildSettings = {
				ARCHS = "$(ARCHS_STANDARD_INCLUDING_64_BIT)";
				BUNDLE_LOADER = "$(BUILT_PRODUCTS_DIR)/TapCounter.app/TapCounter";
				FRAMEWORK_SEARCH_PATHS = (
					"$(SDKROOT)/Developer/Library/Frameworks",
					"$(inherited)",
					"$(DEVELOPER_FRAMEWORKS_DIR)",
				);
				GCC_PRECOMPILE_PREFIX_HEADER = YES;
				GCC_PREFIX_HEADER = "TapCounter/TapCounter-Prefix.pch";
				GCC_PREPROCESSOR_DEFINITIONS = (
					"DEBUG=1",
					"$(inherited)",
				);
				INFOPLIST_FILE = "TapCounterTests/TapCounterTests-Info.plist";
				PRODUCT_NAME = "$(TARGET_NAME)";
				TEST_HOST = "$(BUNDLE_LOADER)";
				WRAPPER_EXTENSION = xctest;
			};
			name = Debug;
		};
		CF0ACE8B1821A16000822553 /* Release */ = {
			isa = XCBuildConfiguration;
			buildSettings = {
				ARCHS = "$(ARCHS_STANDARD_INCLUDING_64_BIT)";
				BUNDLE_LOADER = "$(BUILT_PRODUCTS_DIR)/TapCounter.app/TapCounter";
				FRAMEWORK_SEARCH_PATHS = (
					"$(SDKROOT)/Developer/Library/Frameworks",
					"$(inherited)",
					"$(DEVELOPER_FRAMEWORKS_DIR)",
				);
				GCC_PRECOMPILE_PREFIX_HEADER = YES;
				GCC_PREFIX_HEADER = "TapCounter/TapCounter-Prefix.pch";
				INFOPLIST_FILE = "TapCounterTests/TapCounterTests-Info.plist";
				PRODUCT_NAME = "$(TARGET_NAME)";
				TEST_HOST = "$(BUNDLE_LOADER)";
				WRAPPER_EXTENSION = xctest;
			};
			name = Release;
		};
/* End XCBuildConfiguration section */

/* Begin XCConfigurationList section */
		CF0ACE4F1821A16000822553 /* Build configuration list for PBXProject "TapCounter" */ = {
			isa = XCConfigurationList;
			buildConfigurations = (
				CF0ACE841821A16000822553 /* Debug */,
				CF0ACE851821A16000822553 /* Release */,
			);
			defaultConfigurationIsVisible = 0;
			defaultConfigurationName = Release;
		};
		CF0ACE861821A16000822553 /* Build configuration list for PBXNativeTarget "TapCounter" */ = {
			isa = XCConfigurationList;
			buildConfigurations = (
				CF0ACE871821A16000822553 /* Debug */,
				CF0ACE881821A16000822553 /* Release */,
			);
			defaultConfigurationIsVisible = 0;
			defaultConfigurationName = Release;
		};
		CF0ACE891821A16000822553 /* Build configuration list for PBXNativeTarget "TapCounterTests" */ = {
			isa = XCConfigurationList;
			buildConfigurations = (
				CF0ACE8A1821A16000822553 /* Debug */,
				CF0ACE8B1821A16000822553 /* Release */,
			);
			defaultConfigurationIsVisible = 0;
			defaultConfigurationName = Release;
		};
/* End XCConfigurationList section */
	};
	rootObject = CF0ACE4C1821A16000822553 /* Project object */;
}
